
Microsoft Visual Studio Solution File, Format Version 12.00
# Visual Studio Version 17
VisualStudioVersion = 17.2.32526.322
MinimumVisualStudioVersion = 10.0.40219.1
Project("{9A19103F-16F7-4668-BE54-9A1E7A4F7556}") = "Logic", "Logic\Logic.csproj", "{D008FD51-2A4D-466D-95ED-2072E18CFD03}"
EndProject
Project("{9A19103F-16F7-4668-BE54-9A1E7A4F7556}") = "ConsoleInterface", "ConsoleInterface\ConsoleInterface.csproj", "{FD7CE66D-B5C5-4A4A-AAB0-12F230B58BAC}"
EndProject
Project("{FAE04EC0-301F-11D3-BF4B-00C04F79EFBC}") = "Game", "Game\Game.csproj", "{D38F0111-E348-4025-80E1-C27FCDE304DD}"
EndProject
Global
	GlobalSection(SolutionConfigurationPlatforms) = preSolution
		Debug|Any CPU = Debug|Any CPU
		Release|Any CPU = Release|Any CPU
	EndGlobalSection
	GlobalSection(ProjectConfigurationPlatforms) = postSolution
		{D008FD51-2A4D-466D-95ED-2072E18CFD03}.Debug|Any CPU.ActiveCfg = Debug|Any CPU
		{D008FD51-2A4D-466D-95ED-2072E18CFD03}.Debug|Any CPU.Build.0 = Debug|Any CPU
		{D008FD51-2A4D-466D-95ED-2072E18CFD03}.Release|Any CPU.ActiveCfg = Release|Any CPU
		{D008FD51-2A4D-466D-95ED-2072E18CFD03}.Release|Any CPU.Build.0 = Release|Any CPU
		{FD7CE66D-B5C5-4A4A-AAB0-12F230B58BAC}.Debug|Any CPU.ActiveCfg = Debug|Any CPU
		{FD7CE66D-B5C5-4A4A-AAB0-12F230B58BAC}.Debug|Any CPU.Build.0 = Debug|Any CPU
		{FD7CE66D-B5C5-4A4A-AAB0-12F230B58BAC}.Release|Any CPU.ActiveCfg = Release|Any CPU
		{FD7CE66D-B5C5-4A4A-AAB0-12F230B58BAC}.Release|Any CPU.Build.0 = Release|Any CPU
		{D38F0111-E348-4025-80E1-C27FCDE304DD}.Debug|Any CPU.ActiveCfg = Debug|Any CPU
		{D38F0111-E348-4025-80E1-C27FCDE304DD}.Debug|Any CPU.Build.0 = Debug|Any CPU
		{D38F0111-E348-4025-80E1-C27FCDE304DD}.Release|Any CPU.ActiveCfg = Release|Any CPU
		{D38F0111-E348-4025-80E1-C27FCDE304DD}.Release|Any CPU.Build.0 = Release|Any CPU
	EndGlobalSection
	GlobalSection(SolutionProperties) = preSolution
		HideSolutionNode = FALSE
	EndGlobalSection
	GlobalSection(ExtensibilityGlobals) = postSolution
		SolutionGuid = {8F58B67D-10AC-4AAF-BB66-9054ABDF06BD}
	EndGlobalSection
EndGlobal
